<?xml version="1.0" encoding="utf-8"?>
<Project ToolsVersion="4.0" xmlns="http://schemas.microsoft.com/developer/msbuild/2003">
  <ItemGroup>
    <Filter Include="ソース ファイル">
      <UniqueIdentifier>{4FC737F1-C7A5-4376-A066-2A32D752A2FF}</UniqueIdentifier>
      <Extensions>cpp;c;cc;cxx;c++;cppm;ixx;def;odl;idl;hpj;bat;asm;asmx</Extensions>
    </Filter>
    <Filter Include="ヘッダー ファイル">
      <UniqueIdentifier>{93995380-89BD-4b04-88EB-625FBE52EBFB}</UniqueIdentifier>
      <Extensions>h;hh;hpp;hxx;h++;hm;inl;inc;ipp;xsd</Extensions>
    </Filter>
    <Filter Include="リソース ファイル">
      <UniqueIdentifier>{67DA6AB6-F800-4c08-8B7A-83BB121AAD01}</UniqueIdentifier>
      <Extensions>rc;ico;cur;bmp;dlg;rc2;rct;bin;rgs;gif;jpg;jpeg;jpe;resx;tiff;tif;png;wav;mfcribbon-ms</Extensions>
    </Filter>
    <Filter Include="asset">
      <UniqueIdentifier>{73225e48-1ee8-4749-9fcf-ae3f3e180f0f}</UniqueIdentifier>
    </Filter>
    <Filter Include="draw_resorce">
      <UniqueIdentifier>{25de7814-b58c-4dfa-bf74-9fbc1af79b57}</UniqueIdentifier>
    </Filter>
    <Filter Include="editor">
      <UniqueIdentifier>{1c608ce6-d78b-4dcf-9606-869f3f8e05a4}</UniqueIdentifier>
    </Filter>
    <Filter Include="entry">
      <UniqueIdentifier>{ad79166f-b5e3-4a5c-a2e9-5ddb80de914d}</UniqueIdentifier>
    </Filter>
    <Filter Include="external">
      <UniqueIdentifier>{3c191794-6d3e-4533-b7cb-aa6cb25e6162}</UniqueIdentifier>
    </Filter>
    <Filter Include="render">
      <UniqueIdentifier>{85c10c33-eef3-40b2-a092-e20fe992ed18}</UniqueIdentifier>
    </Filter>
    <Filter Include="window">
      <UniqueIdentifier>{fb251fb0-cc92-49a6-8cfc-9169b43f0888}</UniqueIdentifier>
    </Filter>
    <Filter Include="object">
      <UniqueIdentifier>{ee62c583-15cf-4f46-b678-84310a14d684}</UniqueIdentifier>
    </Filter>
    <Filter Include="directx">
      <UniqueIdentifier>{6a8c495c-5082-4cdb-9884-0fbd1ebcfdd4}</UniqueIdentifier>
    </Filter>
  </ItemGroup>
  <ItemGroup>
    <ClInclude Include="directx\Descriptor_heap.h">
      <Filter>directx</Filter>
    </ClInclude>
    <ClInclude Include="directx\Device.h">
      <Filter>directx</Filter>
    </ClInclude>
    <ClInclude Include="directx\DXGI.h">
      <Filter>directx</Filter>
    </ClInclude>
    <ClInclude Include="directx\Fence.h">
      <Filter>directx</Filter>
    </ClInclude>
    <ClInclude Include="directx\Shader.h">
      <Filter>directx</Filter>
    </ClInclude>
    <ClInclude Include="directx\Command_Allocator.h">
      <Filter>directx</Filter>
    </ClInclude>
    <ClInclude Include="directx\Command_List.h">
      <Filter>directx</Filter>
    </ClInclude>
    <ClInclude Include="directx\Command_Queue.h">
      <Filter>directx</Filter>
    </ClInclude>
    <ClInclude Include="window\Window.h">
      <Filter>window</Filter>
    </ClInclude>
    <ClInclude Include="directx\Constant_Buffer.h">
      <Filter>directx</Filter>
    </ClInclude>
    <ClInclude Include="directx\DepthBuffer.h">
      <Filter>directx</Filter>
    </ClInclude>
  </ItemGroup>
  <ItemGroup>
    <ClCompile Include="directx\Device.cpp">
      <Filter>directx</Filter>
    </ClCompile>
    <ClCompile Include="directx\DXGI.cpp">
      <Filter>directx</Filter>
    </ClCompile>
    <ClCompile Include="directx\Fence.cpp">
      <Filter>directx</Filter>
    </ClCompile>
    <ClCompile Include="directx\Shader.cpp">
      <Filter>directx</Filter>
    </ClCompile>
    <ClCompile Include="directx\Command_Allocator.cpp">
      <Filter>directx</Filter>
    </ClCompile>
    <ClCompile Include="directx\Command_List.cpp">
      <Filter>directx</Filter>
    </ClCompile>
    <ClCompile Include="directx\Command_Queue.cpp">
      <Filter>directx</Filter>
    </ClCompile>
    <ClCompile Include="directx\Descriptor_heap.cpp">
      <Filter>directx</Filter>
    </ClCompile>
    <ClCompile Include="window\Window.cpp">
      <Filter>window</Filter>
    </ClCompile>
    <ClCompile Include="entry.cpp">
      <Filter>entry</Filter>
    </ClCompile>
    <ClCompile Include="directx\Constant_Buffer.cpp">
      <Filter>directx</Filter>
    </ClCompile>
    <ClCompile Include="directx\DepthBuffer.cpp">
      <Filter>directx</Filter>
    </ClCompile>
  </ItemGroup>
</Project>