<?xml version="1.0" encoding="utf-8"?>
<Project ToolsVersion="4.0" xmlns="http://schemas.microsoft.com/developer/msbuild/2003">
  <ItemGroup>
    <Filter Include="ソース ファイル">
      <UniqueIdentifier>{4FC737F1-C7A5-4376-A066-2A32D752A2FF}</UniqueIdentifier>
      <Extensions>cpp;c;cc;cxx;c++;cppm;ixx;def;odl;idl;hpj;bat;asm;asmx</Extensions>
    </Filter>
    <Filter Include="ヘッダー ファイル">
      <UniqueIdentifier>{93995380-89BD-4b04-88EB-625FBE52EBFB}</UniqueIdentifier>
      <Extensions>h;hh;hpp;hxx;h++;hm;inl;inc;ipp;xsd</Extensions>
    </Filter>
    <Filter Include="リソース ファイル">
      <UniqueIdentifier>{67DA6AB6-F800-4c08-8B7A-83BB121AAD01}</UniqueIdentifier>
      <Extensions>rc;ico;cur;bmp;dlg;rc2;rct;bin;rgs;gif;jpg;jpeg;jpe;resx;tiff;tif;png;wav;mfcribbon-ms</Extensions>
    </Filter>
    <Filter Include="asset">
      <UniqueIdentifier>{73225e48-1ee8-4749-9fcf-ae3f3e180f0f}</UniqueIdentifier>
    </Filter>
    <Filter Include="draw_resorce">
      <UniqueIdentifier>{25de7814-b58c-4dfa-bf74-9fbc1af79b57}</UniqueIdentifier>
    </Filter>
    <Filter Include="editor">
      <UniqueIdentifier>{1c608ce6-d78b-4dcf-9606-869f3f8e05a4}</UniqueIdentifier>
    </Filter>
    <Filter Include="entry">
      <UniqueIdentifier>{ad79166f-b5e3-4a5c-a2e9-5ddb80de914d}</UniqueIdentifier>
    </Filter>
    <Filter Include="render">
      <UniqueIdentifier>{85c10c33-eef3-40b2-a092-e20fe992ed18}</UniqueIdentifier>
    </Filter>
    <Filter Include="window">
      <UniqueIdentifier>{fb251fb0-cc92-49a6-8cfc-9169b43f0888}</UniqueIdentifier>
    </Filter>
    <Filter Include="object">
      <UniqueIdentifier>{ee62c583-15cf-4f46-b678-84310a14d684}</UniqueIdentifier>
    </Filter>
    <Filter Include="directx">
      <UniqueIdentifier>{6a8c495c-5082-4cdb-9884-0fbd1ebcfdd4}</UniqueIdentifier>
    </Filter>
    <Filter Include="editor\content">
      <UniqueIdentifier>{aa770762-01b3-4075-8c8d-1961d6179244}</UniqueIdentifier>
    </Filter>
    <Filter Include="render\post_proc">
      <UniqueIdentifier>{c0df3066-c21d-4ded-a997-db398cfbd7a5}</UniqueIdentifier>
    </Filter>
    <Filter Include="external">
      <UniqueIdentifier>{8073a5ce-ffec-467f-9af3-2000f8ffdd7e}</UniqueIdentifier>
    </Filter>
    <Filter Include="external\imgui">
      <UniqueIdentifier>{d3fdd2d5-51d7-4bf5-b3be-d86fbe05c3f9}</UniqueIdentifier>
    </Filter>
    <Filter Include="external\imgui\backends">
      <UniqueIdentifier>{8cce6da0-5b57-4580-bd03-6cda426db4d8}</UniqueIdentifier>
    </Filter>
  </ItemGroup>
  <ItemGroup>
    <ClInclude Include="directx\Command_Allocator.h">
      <Filter>directx</Filter>
    </ClInclude>
    <ClInclude Include="directx\Command_List.h">
      <Filter>directx</Filter>
    </ClInclude>
    <ClInclude Include="directx\Command_Queue.h">
      <Filter>directx</Filter>
    </ClInclude>
    <ClInclude Include="directx\Constant_Buffer.h">
      <Filter>directx</Filter>
    </ClInclude>
    <ClInclude Include="directx\DepthBuffer.h">
      <Filter>directx</Filter>
    </ClInclude>
    <ClInclude Include="directx\Descriptor_Heap.h">
      <Filter>directx</Filter>
    </ClInclude>
    <ClInclude Include="directx\Device.h">
      <Filter>directx</Filter>
    </ClInclude>
    <ClInclude Include="directx\DXGI.h">
      <Filter>directx</Filter>
    </ClInclude>
    <ClInclude Include="directx\Fence.h">
      <Filter>directx</Filter>
    </ClInclude>
    <ClInclude Include="directx\Pipline_State_Object.h">
      <Filter>directx</Filter>
    </ClInclude>
    <ClInclude Include="directx\Render_Target.h">
      <Filter>directx</Filter>
    </ClInclude>
    <ClInclude Include="directx\Root_Signature.h">
      <Filter>directx</Filter>
    </ClInclude>
    <ClInclude Include="directx\Shader.h">
      <Filter>directx</Filter>
    </ClInclude>
    <ClInclude Include="directx\Swap_Chain.h">
      <Filter>directx</Filter>
    </ClInclude>
    <ClInclude Include="draw_resorce\Screen_Polygon.h">
      <Filter>draw_resorce</Filter>
    </ClInclude>
    <ClInclude Include="draw_resorce\Shape.h">
      <Filter>draw_resorce</Filter>
    </ClInclude>
    <ClInclude Include="draw_resorce\Shape_Container.h">
      <Filter>draw_resorce</Filter>
    </ClInclude>
    <ClInclude Include="draw_resorce\Triangle_Polygon.h">
      <Filter>draw_resorce</Filter>
    </ClInclude>
    <ClInclude Include="draw_resorce\Quad_Polygon.h">
      <Filter>draw_resorce</Filter>
    </ClInclude>
    <ClInclude Include="editor\ImGuiManager.h">
      <Filter>editor</Filter>
    </ClInclude>
    <ClInclude Include="editor\content\Blur_Editor.h">
      <Filter>editor\content</Filter>
    </ClInclude>
    <ClInclude Include="editor\content\Game_Object_Editor.h">
      <Filter>editor\content</Filter>
    </ClInclude>
    <ClInclude Include="object\Bullet.h">
      <Filter>object</Filter>
    </ClInclude>
    <ClInclude Include="object\Camera.h">
      <Filter>object</Filter>
    </ClInclude>
    <ClInclude Include="object\Enemy.h">
      <Filter>object</Filter>
    </ClInclude>
    <ClInclude Include="object\Game_Object.h">
      <Filter>object</Filter>
    </ClInclude>
    <ClInclude Include="object\Game_Object_Manager.h">
      <Filter>object</Filter>
    </ClInclude>
    <ClInclude Include="object\Object.h">
      <Filter>object</Filter>
    </ClInclude>
    <ClInclude Include="object\Player.h">
      <Filter>object</Filter>
    </ClInclude>
    <ClInclude Include="render\post_proc\Blur.h">
      <Filter>render\post_proc</Filter>
    </ClInclude>
    <ClInclude Include="window\Input.h">
      <Filter>window</Filter>
    </ClInclude>
    <ClInclude Include="window\Window.h">
      <Filter>window</Filter>
    </ClInclude>
    <ClInclude Include="external\imgui\imconfig.h">
      <Filter>external\imgui</Filter>
    </ClInclude>
    <ClInclude Include="external\imgui\imgui.h">
      <Filter>external\imgui</Filter>
    </ClInclude>
    <ClInclude Include="external\imgui\imgui_internal.h">
      <Filter>external\imgui</Filter>
    </ClInclude>
    <ClInclude Include="external\imgui\imstb_rectpack.h">
      <Filter>external\imgui</Filter>
    </ClInclude>
    <ClInclude Include="external\imgui\imstb_textedit.h">
      <Filter>external\imgui</Filter>
    </ClInclude>
    <ClInclude Include="external\imgui\imstb_truetype.h">
      <Filter>external\imgui</Filter>
    </ClInclude>
    <ClInclude Include="external\imgui\backends\imgui_impl_dx12.h">
      <Filter>external\imgui\backends</Filter>
    </ClInclude>
    <ClInclude Include="external\imgui\backends\imgui_impl_win32.h">
      <Filter>external\imgui\backends</Filter>
    </ClInclude>
  </ItemGroup>
  <ItemGroup>
    <ClCompile Include="directx\Command_Allocator.cpp">
      <Filter>directx</Filter>
    </ClCompile>
    <ClCompile Include="directx\Command_List.cpp">
      <Filter>directx</Filter>
    </ClCompile>
    <ClCompile Include="directx\Command_Queue.cpp">
      <Filter>directx</Filter>
    </ClCompile>
    <ClCompile Include="directx\Constant_Buffer.cpp">
      <Filter>directx</Filter>
    </ClCompile>
    <ClCompile Include="directx\DepthBuffer.cpp">
      <Filter>directx</Filter>
    </ClCompile>
    <ClCompile Include="directx\Descriptor_Heap.cpp">
      <Filter>directx</Filter>
    </ClCompile>
    <ClCompile Include="directx\Device.cpp">
      <Filter>directx</Filter>
    </ClCompile>
    <ClCompile Include="directx\DXGI.cpp">
      <Filter>directx</Filter>
    </ClCompile>
    <ClCompile Include="directx\Fence.cpp">
      <Filter>directx</Filter>
    </ClCompile>
    <ClCompile Include="directx\Pipline_State_Object.cpp">
      <Filter>directx</Filter>
    </ClCompile>
    <ClCompile Include="directx\Render_Target.cpp">
      <Filter>directx</Filter>
    </ClCompile>
    <ClCompile Include="directx\Root_Signature.cpp">
      <Filter>directx</Filter>
    </ClCompile>
    <ClCompile Include="directx\Shader.cpp">
      <Filter>directx</Filter>
    </ClCompile>
    <ClCompile Include="directx\Swap_Chain.cpp">
      <Filter>directx</Filter>
    </ClCompile>
    <ClCompile Include="draw_resorce\Screen_Polygon.cpp">
      <Filter>draw_resorce</Filter>
    </ClCompile>
    <ClCompile Include="draw_resorce\Shape.cpp">
      <Filter>draw_resorce</Filter>
    </ClCompile>
    <ClCompile Include="draw_resorce\Shape_Container.cpp">
      <Filter>draw_resorce</Filter>
    </ClCompile>
    <ClCompile Include="draw_resorce\Triangle_Polygon.cpp">
      <Filter>draw_resorce</Filter>
    </ClCompile>
    <ClCompile Include="draw_resorce\Quad_Polygon.cpp">
      <Filter>draw_resorce</Filter>
    </ClCompile>
    <ClCompile Include="editor\ImGuiManager.cpp">
      <Filter>editor</Filter>
    </ClCompile>
    <ClCompile Include="editor\content\Blur_Editor.cpp">
      <Filter>editor\content</Filter>
    </ClCompile>
    <ClCompile Include="editor\content\Game_Object_Editor.cpp">
      <Filter>editor\content</Filter>
    </ClCompile>
    <ClCompile Include="object\Bullet.cpp">
      <Filter>object</Filter>
    </ClCompile>
    <ClCompile Include="object\Camera.cpp">
      <Filter>object</Filter>
    </ClCompile>
    <ClCompile Include="object\Enemy.cpp">
      <Filter>object</Filter>
    </ClCompile>
    <ClCompile Include="object\Game_Object.cpp">
      <Filter>object</Filter>
    </ClCompile>
    <ClCompile Include="object\Game_Object_Manager.cpp">
      <Filter>object</Filter>
    </ClCompile>
    <ClCompile Include="object\Object.cpp">
      <Filter>object</Filter>
    </ClCompile>
    <ClCompile Include="object\Player.cpp">
      <Filter>object</Filter>
    </ClCompile>
    <ClCompile Include="render\post_proc\Blur.cpp">
      <Filter>render\post_proc</Filter>
    </ClCompile>
    <ClCompile Include="window\Input.cpp">
      <Filter>window</Filter>
    </ClCompile>
    <ClCompile Include="window\Window.cpp">
      <Filter>window</Filter>
    </ClCompile>
    <ClCompile Include="entry\entry.cpp">
      <Filter>entry</Filter>
    </ClCompile>
    <ClCompile Include="external\imgui\imgui.cpp">
      <Filter>external\imgui</Filter>
    </ClCompile>
    <ClCompile Include="external\imgui\imgui_demo.cpp">
      <Filter>external\imgui</Filter>
    </ClCompile>
    <ClCompile Include="external\imgui\imgui_draw.cpp">
      <Filter>external\imgui</Filter>
    </ClCompile>
    <ClCompile Include="external\imgui\imgui_tables.cpp">
      <Filter>external\imgui</Filter>
    </ClCompile>
    <ClCompile Include="external\imgui\imgui_widgets.cpp">
      <Filter>external\imgui</Filter>
    </ClCompile>
    <ClCompile Include="external\imgui\backends\imgui_impl_dx12.cpp">
      <Filter>external\imgui\backends</Filter>
    </ClCompile>
    <ClCompile Include="external\imgui\backends\imgui_impl_win32.cpp">
      <Filter>external\imgui\backends</Filter>
    </ClCompile>
  </ItemGroup>
  <ItemGroup>
    <None Include="asset\down_sample.hlsl">
      <Filter>asset</Filter>
    </None>
    <None Include="asset\screen_texture.hlsl">
      <Filter>asset</Filter>
    </None>
    <None Include="asset\shader.hlsl">
      <Filter>asset</Filter>
    </None>
    <None Include="asset\blur.hlsl">
      <Filter>asset</Filter>
    </None>
  </ItemGroup>
</Project>